
Microsoft Visual Studio Solution File, Format Version 12.00
# Visual Studio Version 16
VisualStudioVersion = 16.0.28729.10
MinimumVisualStudioVersion = 10.0.40219.1
Project("{FAE04EC0-301F-11D3-BF4B-00C04F79EFBC}") = "BubbleSort", "BubbleSort\BubbleSort.csproj", "{38E2B4C4-07AD-4404-A33C-0C788621A131}"
EndProject
Project("{FAE04EC0-301F-11D3-BF4B-00C04F79EFBC}") = "BubbleSortGUI", "BubbleSortGUI\BubbleSortGUI.csproj", "{F8599249-7755-46F4-8698-021B82F5E30C}"
EndProject
Global
	GlobalSection(SolutionConfigurationPlatforms) = preSolution
		Debug|Any CPU = Debug|Any CPU
		Release|Any CPU = Release|Any CPU
	EndGlobalSection
	GlobalSection(ProjectConfigurationPlatforms) = postSolution
		{38E2B4C4-07AD-4404-A33C-0C788621A131}.Debug|Any CPU.ActiveCfg = Debug|Any CPU
		{38E2B4C4-07AD-4404-A33C-0C788621A131}.Debug|Any CPU.Build.0 = Debug|Any CPU
		{38E2B4C4-07AD-4404-A33C-0C788621A131}.Release|Any CPU.ActiveCfg = Release|Any CPU
		{38E2B4C4-07AD-4404-A33C-0C788621A131}.Release|Any CPU.Build.0 = Release|Any CPU
		{F8599249-7755-46F4-8698-021B82F5E30C}.Debug|Any CPU.ActiveCfg = Debug|Any CPU
		{F8599249-7755-46F4-8698-021B82F5E30C}.Debug|Any CPU.Build.0 = Debug|Any CPU
		{F8599249-7755-46F4-8698-021B82F5E30C}.Release|Any CPU.ActiveCfg = Release|Any CPU
		{F8599249-7755-46F4-8698-021B82F5E30C}.Release|Any CPU.Build.0 = Release|Any CPU
	EndGlobalSection
	GlobalSection(SolutionProperties) = preSolution
		HideSolutionNode = FALSE
	EndGlobalSection
	GlobalSection(ExtensibilityGlobals) = postSolution
		SolutionGuid = {2BC8EA9E-55CD-4C70-A483-5DA57214B28D}
	EndGlobalSection
EndGlobal
