
Microsoft Visual Studio Solution File, Format Version 12.00
# Visual Studio Version 16
VisualStudioVersion = 16.0.28729.10
MinimumVisualStudioVersion = 10.0.40219.1
Project("{FAE04EC0-301F-11D3-BF4B-00C04F79EFBC}") = "RaceCar", "RaceCar\RaceCar.csproj", "{30591222-4B2E-4CCD-A37B-7ACA72B40010}"
EndProject
Global
	GlobalSection(SolutionConfigurationPlatforms) = preSolution
		Debug|Any CPU = Debug|Any CPU
		Release|Any CPU = Release|Any CPU
	EndGlobalSection
	GlobalSection(ProjectConfigurationPlatforms) = postSolution
		{30591222-4B2E-4CCD-A37B-7ACA72B40010}.Debug|Any CPU.ActiveCfg = Debug|Any CPU
		{30591222-4B2E-4CCD-A37B-7ACA72B40010}.Debug|Any CPU.Build.0 = Debug|Any CPU
		{30591222-4B2E-4CCD-A37B-7ACA72B40010}.Release|Any CPU.ActiveCfg = Release|Any CPU
		{30591222-4B2E-4CCD-A37B-7ACA72B40010}.Release|Any CPU.Build.0 = Release|Any CPU
	EndGlobalSection
	GlobalSection(SolutionProperties) = preSolution
		HideSolutionNode = FALSE
	EndGlobalSection
	GlobalSection(ExtensibilityGlobals) = postSolution
		SolutionGuid = {42AE07F1-0820-4B0C-942A-AEBECD78E976}
	EndGlobalSection
EndGlobal
